
Microsoft Visual Studio Solution File, Format Version 12.00
# Visual Studio Version 16
VisualStudioVersion = 16.0.30611.23
MinimumVisualStudioVersion = 10.0.40219.1
Project("{FAE04EC0-301F-11D3-BF4B-00C04F79EFBC}") = "xml2html", "xml2html\xml2html.csproj", "{B210492E-78B8-4860-BB0F-C40C35456FF6}"
EndProject
Global
	GlobalSection(SolutionConfigurationPlatforms) = preSolution
		Debug|Any CPU = Debug|Any CPU
		Release|Any CPU = Release|Any CPU
	EndGlobalSection
	GlobalSection(ProjectConfigurationPlatforms) = postSolution
		{B210492E-78B8-4860-BB0F-C40C35456FF6}.Debug|Any CPU.ActiveCfg = Debug|Any CPU
		{B210492E-78B8-4860-BB0F-C40C35456FF6}.Debug|Any CPU.Build.0 = Debug|Any CPU
		{B210492E-78B8-4860-BB0F-C40C35456FF6}.Release|Any CPU.ActiveCfg = Release|Any CPU
		{B210492E-78B8-4860-BB0F-C40C35456FF6}.Release|Any CPU.Build.0 = Release|Any CPU
	EndGlobalSection
	GlobalSection(SolutionProperties) = preSolution
		HideSolutionNode = FALSE
	EndGlobalSection
	GlobalSection(ExtensibilityGlobals) = postSolution
		SolutionGuid = {235374EF-5072-49EE-8ECE-0D683B63F97C}
	EndGlobalSection
EndGlobal
