
Microsoft Visual Studio Solution File, Format Version 12.00
# Visual Studio Version 16
VisualStudioVersion = 16.0.30621.155
MinimumVisualStudioVersion = 10.0.40219.1
Project("{FAE04EC0-301F-11D3-BF4B-00C04F79EFBC}") = "xml2mysvg", "xml2mysvg\xml2mysvg.csproj", "{39D3CFA2-23AA-475E-AA28-371FF2EF98BC}"
EndProject
Global
	GlobalSection(SolutionConfigurationPlatforms) = preSolution
		Debug|Any CPU = Debug|Any CPU
		Release|Any CPU = Release|Any CPU
	EndGlobalSection
	GlobalSection(ProjectConfigurationPlatforms) = postSolution
		{39D3CFA2-23AA-475E-AA28-371FF2EF98BC}.Debug|Any CPU.ActiveCfg = Debug|Any CPU
		{39D3CFA2-23AA-475E-AA28-371FF2EF98BC}.Debug|Any CPU.Build.0 = Debug|Any CPU
		{39D3CFA2-23AA-475E-AA28-371FF2EF98BC}.Release|Any CPU.ActiveCfg = Release|Any CPU
		{39D3CFA2-23AA-475E-AA28-371FF2EF98BC}.Release|Any CPU.Build.0 = Release|Any CPU
	EndGlobalSection
	GlobalSection(SolutionProperties) = preSolution
		HideSolutionNode = FALSE
	EndGlobalSection
	GlobalSection(ExtensibilityGlobals) = postSolution
		SolutionGuid = {760DC9F7-14B5-4D4A-AE78-94B6277184DF}
	EndGlobalSection
EndGlobal
